
Microsoft Visual Studio Solution File, Format Version 12.00
# Visual Studio Version 17
VisualStudioVersion = 17.0.31903.59
MinimumVisualStudioVersion = 10.0.40219.1
Project("{2150E333-8FDC-42A3-9474-1A3956D46DE8}") = "src", "src", "{D511CBCA-A979-463A-A5DB-6A0D42E6E079}"
EndProject
Project("{9A19103F-16F7-4668-BE54-9A1E7A4F7556}") = "Runner", "src\Runner\Runner.csproj", "{CD8E2654-5544-4E8D-B1C6-296F561509E8}"
EndProject
Project("{9A19103F-16F7-4668-BE54-9A1E7A4F7556}") = "ArrayProblems", "ArrayProblems\ArrayProblems.csproj", "{1CFDD598-8096-44FF-A0C4-7AFC0BACE32C}"
EndProject
Project("{2150E333-8FDC-42A3-9474-1A3956D46DE8}") = "test", "test", "{A6F8A95D-0678-4AEF-B5CC-4AE49E474EB0}"
EndProject
Project("{9A19103F-16F7-4668-BE54-9A1E7A4F7556}") = "ArrayProblems.Test", "test\ArrayProblems.Test\ArrayProblems.Test.csproj", "{6D2CCE96-20E2-44DB-8F12-A576C75E1EB6}"
EndProject
Project("{9A19103F-16F7-4668-BE54-9A1E7A4F7556}") = "BinaryTreeProblems", "BinaryTreeProblems\BinaryTreeProblems.csproj", "{9A91DD04-AB4F-4EA7-8F0A-4185C3D14379}"
EndProject
Project("{9A19103F-16F7-4668-BE54-9A1E7A4F7556}") = "AStarProblems", "AStarProblems\AStarProblems.csproj", "{361E0F55-167D-4F33-87B4-EAA51448E055}"
EndProject
Project("{9A19103F-16F7-4668-BE54-9A1E7A4F7556}") = "OneOfsProblems", "OneOfsProblems\OneOfsProblems.csproj", "{C2BF6A28-AA32-4A6D-A97A-123A576EBE02}"
EndProject
Project("{9A19103F-16F7-4668-BE54-9A1E7A4F7556}") = "ProbabilityProblems", "ProbabilityProblems\ProbabilityProblems.csproj", "{10A1F41F-D89F-4DA2-A6D1-14C513CDA1B7}"
EndProject
Project("{9A19103F-16F7-4668-BE54-9A1E7A4F7556}") = "TrieProblems", "TrieProblems\TrieProblems.csproj", "{084C7497-C418-42FC-94D1-A169B959BE9F}"
EndProject
Project("{9A19103F-16F7-4668-BE54-9A1E7A4F7556}") = "TrieProblemsTests", "TrieProblemsTests\TrieProblemsTests.csproj", "{44C5F1E9-DE29-4E64-A45F-818752581909}"
EndProject
Project("{9A19103F-16F7-4668-BE54-9A1E7A4F7556}") = "StackProblems.cs", "StackProblems.cs\StackProblems.cs.csproj", "{0B068195-DAA3-4480-9090-9B0EE2172EC5}"
EndProject
Project("{9A19103F-16F7-4668-BE54-9A1E7A4F7556}") = "LinkedListProblems", "LinkedListProblems\LinkedListProblems.csproj", "{960F566A-9119-4708-AEBC-45636FC00D75}"
EndProject
Project("{FAE04EC0-301F-11D3-BF4B-00C04F79EFBC}") = "LinkedListProblemsTests", "LinkedListProblemsTests\LinkedListProblemsTests.csproj", "{4A560295-ACB1-4097-A9A6-1AF0AE54B2FC}"
EndProject
Global
	GlobalSection(SolutionConfigurationPlatforms) = preSolution
		Debug|Any CPU = Debug|Any CPU
		Release|Any CPU = Release|Any CPU
	EndGlobalSection
	GlobalSection(ProjectConfigurationPlatforms) = postSolution
		{CD8E2654-5544-4E8D-B1C6-296F561509E8}.Debug|Any CPU.ActiveCfg = Debug|Any CPU
		{CD8E2654-5544-4E8D-B1C6-296F561509E8}.Debug|Any CPU.Build.0 = Debug|Any CPU
		{CD8E2654-5544-4E8D-B1C6-296F561509E8}.Release|Any CPU.ActiveCfg = Release|Any CPU
		{CD8E2654-5544-4E8D-B1C6-296F561509E8}.Release|Any CPU.Build.0 = Release|Any CPU
		{1CFDD598-8096-44FF-A0C4-7AFC0BACE32C}.Debug|Any CPU.ActiveCfg = Debug|Any CPU
		{1CFDD598-8096-44FF-A0C4-7AFC0BACE32C}.Debug|Any CPU.Build.0 = Debug|Any CPU
		{1CFDD598-8096-44FF-A0C4-7AFC0BACE32C}.Release|Any CPU.ActiveCfg = Release|Any CPU
		{1CFDD598-8096-44FF-A0C4-7AFC0BACE32C}.Release|Any CPU.Build.0 = Release|Any CPU
		{6D2CCE96-20E2-44DB-8F12-A576C75E1EB6}.Debug|Any CPU.ActiveCfg = Debug|Any CPU
		{6D2CCE96-20E2-44DB-8F12-A576C75E1EB6}.Debug|Any CPU.Build.0 = Debug|Any CPU
		{6D2CCE96-20E2-44DB-8F12-A576C75E1EB6}.Release|Any CPU.ActiveCfg = Release|Any CPU
		{6D2CCE96-20E2-44DB-8F12-A576C75E1EB6}.Release|Any CPU.Build.0 = Release|Any CPU
		{9A91DD04-AB4F-4EA7-8F0A-4185C3D14379}.Debug|Any CPU.ActiveCfg = Debug|Any CPU
		{9A91DD04-AB4F-4EA7-8F0A-4185C3D14379}.Debug|Any CPU.Build.0 = Debug|Any CPU
		{9A91DD04-AB4F-4EA7-8F0A-4185C3D14379}.Release|Any CPU.ActiveCfg = Release|Any CPU
		{9A91DD04-AB4F-4EA7-8F0A-4185C3D14379}.Release|Any CPU.Build.0 = Release|Any CPU
		{361E0F55-167D-4F33-87B4-EAA51448E055}.Debug|Any CPU.ActiveCfg = Debug|Any CPU
		{361E0F55-167D-4F33-87B4-EAA51448E055}.Debug|Any CPU.Build.0 = Debug|Any CPU
		{361E0F55-167D-4F33-87B4-EAA51448E055}.Release|Any CPU.ActiveCfg = Release|Any CPU
		{361E0F55-167D-4F33-87B4-EAA51448E055}.Release|Any CPU.Build.0 = Release|Any CPU
		{C2BF6A28-AA32-4A6D-A97A-123A576EBE02}.Debug|Any CPU.ActiveCfg = Debug|Any CPU
		{C2BF6A28-AA32-4A6D-A97A-123A576EBE02}.Debug|Any CPU.Build.0 = Debug|Any CPU
		{C2BF6A28-AA32-4A6D-A97A-123A576EBE02}.Release|Any CPU.ActiveCfg = Release|Any CPU
		{C2BF6A28-AA32-4A6D-A97A-123A576EBE02}.Release|Any CPU.Build.0 = Release|Any CPU
		{10A1F41F-D89F-4DA2-A6D1-14C513CDA1B7}.Debug|Any CPU.ActiveCfg = Debug|Any CPU
		{10A1F41F-D89F-4DA2-A6D1-14C513CDA1B7}.Debug|Any CPU.Build.0 = Debug|Any CPU
		{10A1F41F-D89F-4DA2-A6D1-14C513CDA1B7}.Release|Any CPU.ActiveCfg = Release|Any CPU
		{10A1F41F-D89F-4DA2-A6D1-14C513CDA1B7}.Release|Any CPU.Build.0 = Release|Any CPU
		{084C7497-C418-42FC-94D1-A169B959BE9F}.Debug|Any CPU.ActiveCfg = Debug|Any CPU
		{084C7497-C418-42FC-94D1-A169B959BE9F}.Debug|Any CPU.Build.0 = Debug|Any CPU
		{084C7497-C418-42FC-94D1-A169B959BE9F}.Release|Any CPU.ActiveCfg = Release|Any CPU
		{084C7497-C418-42FC-94D1-A169B959BE9F}.Release|Any CPU.Build.0 = Release|Any CPU
		{44C5F1E9-DE29-4E64-A45F-818752581909}.Debug|Any CPU.ActiveCfg = Debug|Any CPU
		{44C5F1E9-DE29-4E64-A45F-818752581909}.Debug|Any CPU.Build.0 = Debug|Any CPU
		{44C5F1E9-DE29-4E64-A45F-818752581909}.Release|Any CPU.ActiveCfg = Release|Any CPU
		{44C5F1E9-DE29-4E64-A45F-818752581909}.Release|Any CPU.Build.0 = Release|Any CPU
		{0B068195-DAA3-4480-9090-9B0EE2172EC5}.Debug|Any CPU.ActiveCfg = Debug|Any CPU
		{0B068195-DAA3-4480-9090-9B0EE2172EC5}.Debug|Any CPU.Build.0 = Debug|Any CPU
		{0B068195-DAA3-4480-9090-9B0EE2172EC5}.Release|Any CPU.ActiveCfg = Release|Any CPU
		{0B068195-DAA3-4480-9090-9B0EE2172EC5}.Release|Any CPU.Build.0 = Release|Any CPU
		{960F566A-9119-4708-AEBC-45636FC00D75}.Debug|Any CPU.ActiveCfg = Debug|Any CPU
		{960F566A-9119-4708-AEBC-45636FC00D75}.Debug|Any CPU.Build.0 = Debug|Any CPU
		{960F566A-9119-4708-AEBC-45636FC00D75}.Release|Any CPU.ActiveCfg = Release|Any CPU
		{960F566A-9119-4708-AEBC-45636FC00D75}.Release|Any CPU.Build.0 = Release|Any CPU
		{4A560295-ACB1-4097-A9A6-1AF0AE54B2FC}.Debug|Any CPU.ActiveCfg = Debug|Any CPU
		{4A560295-ACB1-4097-A9A6-1AF0AE54B2FC}.Debug|Any CPU.Build.0 = Debug|Any CPU
		{4A560295-ACB1-4097-A9A6-1AF0AE54B2FC}.Release|Any CPU.ActiveCfg = Release|Any CPU
		{4A560295-ACB1-4097-A9A6-1AF0AE54B2FC}.Release|Any CPU.Build.0 = Release|Any CPU
	EndGlobalSection
	GlobalSection(SolutionProperties) = preSolution
		HideSolutionNode = FALSE
	EndGlobalSection
	GlobalSection(NestedProjects) = preSolution
		{CD8E2654-5544-4E8D-B1C6-296F561509E8} = {D511CBCA-A979-463A-A5DB-6A0D42E6E079}
		{1CFDD598-8096-44FF-A0C4-7AFC0BACE32C} = {D511CBCA-A979-463A-A5DB-6A0D42E6E079}
		{6D2CCE96-20E2-44DB-8F12-A576C75E1EB6} = {A6F8A95D-0678-4AEF-B5CC-4AE49E474EB0}
		{9A91DD04-AB4F-4EA7-8F0A-4185C3D14379} = {D511CBCA-A979-463A-A5DB-6A0D42E6E079}
		{361E0F55-167D-4F33-87B4-EAA51448E055} = {D511CBCA-A979-463A-A5DB-6A0D42E6E079}
		{C2BF6A28-AA32-4A6D-A97A-123A576EBE02} = {D511CBCA-A979-463A-A5DB-6A0D42E6E079}
		{10A1F41F-D89F-4DA2-A6D1-14C513CDA1B7} = {D511CBCA-A979-463A-A5DB-6A0D42E6E079}
		{084C7497-C418-42FC-94D1-A169B959BE9F} = {D511CBCA-A979-463A-A5DB-6A0D42E6E079}
		{44C5F1E9-DE29-4E64-A45F-818752581909} = {A6F8A95D-0678-4AEF-B5CC-4AE49E474EB0}
		{0B068195-DAA3-4480-9090-9B0EE2172EC5} = {D511CBCA-A979-463A-A5DB-6A0D42E6E079}
		{960F566A-9119-4708-AEBC-45636FC00D75} = {D511CBCA-A979-463A-A5DB-6A0D42E6E079}
		{4A560295-ACB1-4097-A9A6-1AF0AE54B2FC} = {A6F8A95D-0678-4AEF-B5CC-4AE49E474EB0}
	EndGlobalSection
	GlobalSection(ExtensibilityGlobals) = postSolution
		SolutionGuid = {EFB42F82-4F88-4E13-AC96-41EA0F54C567}
	EndGlobalSection
EndGlobal
